
Microsoft Visual Studio Solution File, Format Version 12.00
# Visual Studio Version 16
VisualStudioVersion = 16.0.808.6
MinimumVisualStudioVersion = 10.0.40219.1
Project("{FAE04EC0-301F-11D3-BF4B-00C04F79EFBC}") = "Feb1Practice", "Feb1Practice\Feb1Practice.csproj", "{C35EA5EC-9A69-4748-9D5A-57512E005832}"
EndProject
Global
	GlobalSection(SolutionConfigurationPlatforms) = preSolution
		Debug|Any CPU = Debug|Any CPU
		Release|Any CPU = Release|Any CPU
	EndGlobalSection
	GlobalSection(ProjectConfigurationPlatforms) = postSolution
		{C35EA5EC-9A69-4748-9D5A-57512E005832}.Debug|Any CPU.ActiveCfg = Debug|Any CPU
		{C35EA5EC-9A69-4748-9D5A-57512E005832}.Debug|Any CPU.Build.0 = Debug|Any CPU
		{C35EA5EC-9A69-4748-9D5A-57512E005832}.Release|Any CPU.ActiveCfg = Release|Any CPU
		{C35EA5EC-9A69-4748-9D5A-57512E005832}.Release|Any CPU.Build.0 = Release|Any CPU
	EndGlobalSection
	GlobalSection(SolutionProperties) = preSolution
		HideSolutionNode = FALSE
	EndGlobalSection
	GlobalSection(ExtensibilityGlobals) = postSolution
		SolutionGuid = {33880603-3955-479E-A95E-2D1C3B79EABB}
	EndGlobalSection
EndGlobal
